
Microsoft Visual Studio Solution File, Format Version 12.00
# Visual Studio Version 16
VisualStudioVersion = 16.0.31019.35
MinimumVisualStudioVersion = 10.0.40219.1
Project("{8BC9CEB8-8B4A-11D0-8D11-00A0C91BC942}") = "Dynamic array with map", "Dynamic array with map\Dynamic array with map.vcxproj", "{A353D23D-B230-433A-A44B-9EDB566F983B}"
EndProject
Global
	GlobalSection(SolutionConfigurationPlatforms) = preSolution
		Debug|x64 = Debug|x64
		Debug|x86 = Debug|x86
		Release|x64 = Release|x64
		Release|x86 = Release|x86
	EndGlobalSection
	GlobalSection(ProjectConfigurationPlatforms) = postSolution
		{A353D23D-B230-433A-A44B-9EDB566F983B}.Debug|x64.ActiveCfg = Debug|x64
		{A353D23D-B230-433A-A44B-9EDB566F983B}.Debug|x64.Build.0 = Debug|x64
		{A353D23D-B230-433A-A44B-9EDB566F983B}.Debug|x86.ActiveCfg = Debug|Win32
		{A353D23D-B230-433A-A44B-9EDB566F983B}.Debug|x86.Build.0 = Debug|Win32
		{A353D23D-B230-433A-A44B-9EDB566F983B}.Release|x64.ActiveCfg = Release|x64
		{A353D23D-B230-433A-A44B-9EDB566F983B}.Release|x64.Build.0 = Release|x64
		{A353D23D-B230-433A-A44B-9EDB566F983B}.Release|x86.ActiveCfg = Release|Win32
		{A353D23D-B230-433A-A44B-9EDB566F983B}.Release|x86.Build.0 = Release|Win32
	EndGlobalSection
	GlobalSection(SolutionProperties) = preSolution
		HideSolutionNode = FALSE
	EndGlobalSection
	GlobalSection(ExtensibilityGlobals) = postSolution
		SolutionGuid = {0AD4CB4D-EBB5-4930-AC60-35FBE2983636}
	EndGlobalSection
EndGlobal
