<?xml version="1.0" encoding="utf-8"?>
<Project ToolsVersion="4.0" xmlns="http://schemas.microsoft.com/developer/msbuild/2003">
  <ItemGroup>
    <Filter Include="Source Files">
      <UniqueIdentifier>{4FC737F1-C7A5-4376-A066-2A32D752A2FF}</UniqueIdentifier>
      <Extensions>cpp;c;cc;cxx;def;odl;idl;hpj;bat;asm;asmx</Extensions>
    </Filter>
    <Filter Include="Header Files">
      <UniqueIdentifier>{93995380-89BD-4b04-88EB-625FBE52EBFB}</UniqueIdentifier>
      <Extensions>h;hh;hpp;hxx;hm;inl;inc;xsd</Extensions>
    </Filter>
    <Filter Include="Resource Files">
      <UniqueIdentifier>{67DA6AB6-F800-4c08-8B7A-83BB121AAD01}</UniqueIdentifier>
      <Extensions>qrc;rc;ico;cur;bmp;dlg;rc2;rct;bin;rgs;gif;jpg;jpeg;jpe;resx;tiff;tif;png;wav;mfcribbon-ms</Extensions>
    </Filter>
    <Filter Include="Form Files">
      <UniqueIdentifier>{99349809-55BA-4b9d-BF79-8FDBB0286EB3}</UniqueIdentifier>
      <Extensions>ui</Extensions>
    </Filter>
    <Filter Include="Translation Files">
      <UniqueIdentifier>{639EADAA-A684-42e4-A9AD-28FC9BCB8F7C}</UniqueIdentifier>
      <Extensions>ts</Extensions>
    </Filter>
  </ItemGroup>
  <ItemGroup>
    <QtRcc Include="lmdbgui.qrc">
      <Filter>Resource Files</Filter>
    </QtRcc>
    <QtUic Include="lmdbgui.ui">
      <Filter>Form Files</Filter>
    </QtUic>
    <QtMoc Include="lmdbgui.h">
      <Filter>Header Files</Filter>
    </QtMoc>
    <ClCompile Include="lmdbgui.cpp">
      <Filter>Source Files</Filter>
    </ClCompile>
  </ItemGroup>
  <ItemGroup>
    <ClCompile Include="main.cpp">
      <Filter>Source Files</Filter>
    </ClCompile>
    <ClCompile Include="QtGui.cpp">
      <Filter>Source Files</Filter>
    </ClCompile>
    <ClCompile Include="QtAdmin.cpp">
      <Filter>Source Files</Filter>
    </ClCompile>
    <ClCompile Include="QtUser.cpp">
      <Filter>Source Files</Filter>
    </ClCompile>
    <ClCompile Include="movie.cpp">
      <Filter>Source Files</Filter>
    </ClCompile>
    <ClCompile Include="movieRepo.cpp">
      <Filter>Source Files</Filter>
    </ClCompile>
    <ClCompile Include="movieRepoCVS.cpp">
      <Filter>Source Files</Filter>
    </ClCompile>
    <ClCompile Include="movieRepoHTML.cpp">
      <Filter>Source Files</Filter>
    </ClCompile>
    <ClCompile Include="validator.cpp">
      <Filter>Source Files</Filter>
    </ClCompile>
    <ClCompile Include="admin_service.cpp">
      <Filter>Source Files</Filter>
    </ClCompile>
    <ClCompile Include="user_service.cpp">
      <Filter>Source Files</Filter>
    </ClCompile>
    <ClCompile Include="movieIterator.cpp">
      <Filter>Source Files</Filter>
    </ClCompile>
  </ItemGroup>
  <ItemGroup>
    <ClInclude Include="movie.h">
      <Filter>Header Files</Filter>
    </ClInclude>
    <ClInclude Include="dynamic_array.h">
      <Filter>Header Files</Filter>
    </ClInclude>
    <ClInclude Include="movieRepo.h">
      <Filter>Header Files</Filter>
    </ClInclude>
    <ClInclude Include="movieRepoCVS.h">
      <Filter>Header Files</Filter>
    </ClInclude>
    <ClInclude Include="movieRepoHTML.h">
      <Filter>Header Files</Filter>
    </ClInclude>
    <ClInclude Include="validator.h">
      <Filter>Header Files</Filter>
    </ClInclude>
    <ClInclude Include="admin_service.h">
      <Filter>Header Files</Filter>
    </ClInclude>
    <ClInclude Include="user_service.h">
      <Filter>Header Files</Filter>
    </ClInclude>
    <ClInclude Include="movieIterator.h">
      <Filter>Header Files</Filter>
    </ClInclude>
  </ItemGroup>
  <ItemGroup>
    <QtMoc Include="QtGui.h">
      <Filter>Header Files</Filter>
    </QtMoc>
    <QtMoc Include="QtAdmin.h">
      <Filter>Header Files</Filter>
    </QtMoc>
    <QtMoc Include="QtUser.h">
      <Filter>Header Files</Filter>
    </QtMoc>
  </ItemGroup>
  <ItemGroup>
    <Text Include="database.txt">
      <Filter>Resource Files</Filter>
    </Text>
    <Text Include="watch_list.txt">
      <Filter>Resource Files</Filter>
    </Text>
  </ItemGroup>
  <ItemGroup>
    <None Include="watch_list.csv">
      <Filter>Resource Files</Filter>
    </None>
    <None Include="watch_list.html">
      <Filter>Resource Files</Filter>
    </None>
  </ItemGroup>
</Project>